
Microsoft Visual Studio Solution File, Format Version 11.00
# Visual Studio 2010
Project("{FAE04EC0-301F-11D3-BF4B-00C04F79EFBC}") = "LogSearch", "LogSearch.csproj", "{F82926D3-6656-47F1-ADF8-FD435B2CA0FC}"
EndProject
Global
	GlobalSection(SolutionConfigurationPlatforms) = preSolution
		Debug|x86 = Debug|x86
		Release|x86 = Release|x86
	EndGlobalSection
	GlobalSection(ProjectConfigurationPlatforms) = postSolution
		{F82926D3-6656-47F1-ADF8-FD435B2CA0FC}.Debug|x86.ActiveCfg = Debug|x86
		{F82926D3-6656-47F1-ADF8-FD435B2CA0FC}.Debug|x86.Build.0 = Debug|x86
		{F82926D3-6656-47F1-ADF8-FD435B2CA0FC}.Release|x86.ActiveCfg = Release|x86
		{F82926D3-6656-47F1-ADF8-FD435B2CA0FC}.Release|x86.Build.0 = Release|x86
	EndGlobalSection
	GlobalSection(SolutionProperties) = preSolution
		HideSolutionNode = FALSE
	EndGlobalSection
EndGlobal
